
Microsoft Visual Studio Solution File, Format Version 12.00
# Visual Studio 15
VisualStudioVersion = 15.0.27428.2037
MinimumVisualStudioVersion = 10.0.40219.1
Project("{FAE04EC0-301F-11D3-BF4B-00C04F79EFBC}") = "EstateParser", "EstateParser\EstateParser.csproj", "{D8041BF0-209D-4867-8E69-EB2A785C61E4}"
EndProject
Project("{FAE04EC0-301F-11D3-BF4B-00C04F79EFBC}") = "EstateParser.Core", "EstateParser.Core\EstateParser.Core.csproj", "{A36CFC6A-84A5-45C2-B519-196B12AA820E}"
EndProject
Project("{FAE04EC0-301F-11D3-BF4B-00C04F79EFBC}") = "EstateParser.Contracts", "EstateParser.Contracts\EstateParser.Contracts.csproj", "{A6DCF7EB-FBF0-4838-98BB-8B5293AAE11D}"
EndProject
Global
	GlobalSection(SolutionConfigurationPlatforms) = preSolution
		Debug|Any CPU = Debug|Any CPU
		Release|Any CPU = Release|Any CPU
	EndGlobalSection
	GlobalSection(ProjectConfigurationPlatforms) = postSolution
		{D8041BF0-209D-4867-8E69-EB2A785C61E4}.Debug|Any CPU.ActiveCfg = Debug|Any CPU
		{D8041BF0-209D-4867-8E69-EB2A785C61E4}.Debug|Any CPU.Build.0 = Debug|Any CPU
		{D8041BF0-209D-4867-8E69-EB2A785C61E4}.Release|Any CPU.ActiveCfg = Release|Any CPU
		{D8041BF0-209D-4867-8E69-EB2A785C61E4}.Release|Any CPU.Build.0 = Release|Any CPU
		{A36CFC6A-84A5-45C2-B519-196B12AA820E}.Debug|Any CPU.ActiveCfg = Debug|Any CPU
		{A36CFC6A-84A5-45C2-B519-196B12AA820E}.Debug|Any CPU.Build.0 = Debug|Any CPU
		{A36CFC6A-84A5-45C2-B519-196B12AA820E}.Release|Any CPU.ActiveCfg = Release|Any CPU
		{A36CFC6A-84A5-45C2-B519-196B12AA820E}.Release|Any CPU.Build.0 = Release|Any CPU
		{A6DCF7EB-FBF0-4838-98BB-8B5293AAE11D}.Debug|Any CPU.ActiveCfg = Debug|Any CPU
		{A6DCF7EB-FBF0-4838-98BB-8B5293AAE11D}.Debug|Any CPU.Build.0 = Debug|Any CPU
		{A6DCF7EB-FBF0-4838-98BB-8B5293AAE11D}.Release|Any CPU.ActiveCfg = Release|Any CPU
		{A6DCF7EB-FBF0-4838-98BB-8B5293AAE11D}.Release|Any CPU.Build.0 = Release|Any CPU
	EndGlobalSection
	GlobalSection(SolutionProperties) = preSolution
		HideSolutionNode = FALSE
	EndGlobalSection
	GlobalSection(ExtensibilityGlobals) = postSolution
		SolutionGuid = {40D73F51-3AF4-4B5F-BAD7-1093DE8B255D}
	EndGlobalSection
EndGlobal
